# THIS IS AN AUTOGENERATED FILE. DO NOT EDIT THIS FILE DIRECTLY.
# yarn lockfile v1


"@adobe/css-tools@^4.0.1":
  version "4.0.1"
  resolved "https://registry.yarnpkg.com/@adobe/css-tools/-/css-tools-4.0.1.tgz#b38b444ad3aa5fedbb15f2f746dcd934226a12dd"
  integrity sha512-+u76oB43nOHrF4DDWRLWDCtci7f3QJoEBigemIdIeTi1ODqjx6Tad9NCVnPRwewWlKkVab5PlK8DCtPTyX7S8g==

"@types/blessed@^0.1.19":
  version "0.1.19"
  resolved "https://registry.yarnpkg.com/@types/blessed/-/blessed-0.1.19.tgz#aafb3ebad6036fbe63ba28285ca2bead624c3d14"
  integrity sha512-r4qnseYWBsi/kxo5AAlCS22EnTXFbGpnvuXUubJikVeRnYB3e5HwV3NtcwJ0Sk5KOGaLvo9Rtwb8hzxfbqbQPg==
  dependencies:
    "@types/node" "*"

"@types/node@*":
  version "18.8.3"
  resolved "https://registry.yarnpkg.com/@types/node/-/node-18.8.3.tgz#ce750ab4017effa51aed6a7230651778d54e327c"
  integrity sha512-0os9vz6BpGwxGe9LOhgP/ncvYN5Tx1fNcd2TM3rD/aCGBkysb+ZWpXEocG24h6ZzOi13+VB8HndAQFezsSOw1w==

"exalted@link:../exalted-core":
  version "0.0.0"
  uid ""

reblessed@^0.1.84:
  version "0.1.84"
  resolved "https://registry.yarnpkg.com/reblessed/-/reblessed-0.1.84.tgz#190b3a9fe5c50f6c4876d177af0729b5dd7c97c0"
  integrity sha512-v+eSxaCLwNYCThE0LKcX3IIabLh+zVKIKH+yBxuR0e0KfugoHaNKoP3LoXvKvhHGgVqPdqU4HuAVx/ZVzhqOJw==

tslib@^2.4.0:
  version "2.4.0"
  resolved "https://registry.yarnpkg.com/tslib/-/tslib-2.4.0.tgz#7cecaa7f073ce680a05847aa77be941098f36dc3"
  integrity sha512-d6xOpEDfsi2CZVlPQzGeux8XMwLT9hssAsaPYExaQMuYskwb+x1x7J371tWlbBdWHroy99KnVB6qIkUbs5X3UQ==

typescript@^4.8.4:
  version "4.8.4"
  resolved "https://registry.yarnpkg.com/typescript/-/typescript-4.8.4.tgz#c464abca159669597be5f96b8943500b238e60e6"
  integrity sha512-QCh+85mCy+h0IGff8r5XWzOVSbBO+KfeYrMQh7NJ58QujwcE22u+NUSmUxqF+un70P9GXKxa2HCNiTTMJknyjQ==
