# THIS IS AN AUTOGENERATED FILE. DO NOT EDIT THIS FILE DIRECTLY.
# yarn lockfile v1


"@adobe/css-tools@^4.0.1":
  version "4.0.1"
  resolved "https://registry.yarnpkg.com/@adobe/css-tools/-/css-tools-4.0.1.tgz#b38b444ad3aa5fedbb15f2f746dcd934226a12dd"
  integrity sha512-+u76oB43nOHrF4DDWRLWDCtci7f3QJoEBigemIdIeTi1ODqjx6Tad9NCVnPRwewWlKkVab5PlK8DCtPTyX7S8g==

"@types/blessed@^0.1.19":
  version "0.1.19"
  resolved "https://registry.yarnpkg.com/@types/blessed/-/blessed-0.1.19.tgz#aafb3ebad6036fbe63ba28285ca2bead624c3d14"
  integrity sha512-r4qnseYWBsi/kxo5AAlCS22EnTXFbGpnvuXUubJikVeRnYB3e5HwV3NtcwJ0Sk5KOGaLvo9Rtwb8hzxfbqbQPg==
  dependencies:
    "@types/node" "*"

"@types/node@*":
  version "18.8.0"
  resolved "https://registry.yarnpkg.com/@types/node/-/node-18.8.0.tgz#b8ee8d83a99470c0661bd899417fcd77060682fe"
  integrity sha512-u+h43R6U8xXDt2vzUaVP3VwjjLyOJk6uEciZS8OSyziUQGOwmk+l+4drxcsDboHXwyTaqS1INebghmWMRxq3LA==

reblessed@^0.1.84:
  version "0.1.84"
  resolved "https://registry.yarnpkg.com/reblessed/-/reblessed-0.1.84.tgz#190b3a9fe5c50f6c4876d177af0729b5dd7c97c0"
  integrity sha512-v+eSxaCLwNYCThE0LKcX3IIabLh+zVKIKH+yBxuR0e0KfugoHaNKoP3LoXvKvhHGgVqPdqU4HuAVx/ZVzhqOJw==

tslib@^2.4.0:
  version "2.4.0"
  resolved "https://registry.yarnpkg.com/tslib/-/tslib-2.4.0.tgz#7cecaa7f073ce680a05847aa77be941098f36dc3"
  integrity sha512-d6xOpEDfsi2CZVlPQzGeux8XMwLT9hssAsaPYExaQMuYskwb+x1x7J371tWlbBdWHroy99KnVB6qIkUbs5X3UQ==
